PODS:
  - Alamofire (4.9.1)
  - AloeStackView (1.2.0)
  - Hero (1.6.4)
  - Kanna (5.3.0)
  - Realm (4.4.1):
    - Realm/Headers (= 4.4.1)
  - Realm/Headers (4.4.1)
  - RealmSwift (4.4.1):
    - Realm (= 4.4.1)
  - SDWebImage (5.21.7):
    - SDWebImage/Core (= 5.21.7)
  - SDWebImage/Core (5.21.7)
  - SVProgressHUD (2.3.1):
    - SVProgressHUD/Core (= 2.3.1)
  - SVProgressHUD/Core (2.3.1)
  - SwiftLint (0.63.3)

DEPENDENCIES:
  - Alamofire (~> 4)
  - AloeStackView
  - Hero
  - Kanna
  - RealmSwift (~> 4)
  - SDWebImage (~> 5)
  - SVProgressHUD
  - SwiftLint

SPEC REPOS:
  trunk:
    - Alamofire
    - AloeStackView
    - Hero
    - Kanna
    - Realm
    - RealmSwift
    - SDWebImage
    - SVProgressHUD
    - SwiftLint

SPEC CHECKSUMS:
  Alamofire: 85e8a02c69d6020a0d734f6054870d7ecb75cf18
  AloeStackView: 8a4ce0efa08128dd78d538372f60c76c224034bb
  Hero: 473a0143017e1371d050fcbedb67d317925097f2
  Kanna: 6ecbd674bcbef2766a2acf80e99d1174440c5b9c
  Realm: 4eb04d7487bd43c0581256f40b424eafb711deff
  RealmSwift: 3eb8924ff7100df5928c7602f71d0fec51e7c9c5
  SDWebImage: e9fc87c1aab89a8ab1bbd74eba378c6f53be8abf
  SVProgressHUD: 4837c74bdfe2e51e8821c397825996a8d7de6e22
  SwiftLint: 387b65567654da8f832d67fe3c53fd2ff2be8539

PODFILE CHECKSUM: 4e771f0616c794d54e5a9bd39f7c811c49f8dd4d

COCOAPODS: 1.16.1
